
Microsoft Visual Studio Solution File, Format Version 12.00
# Visual Studio Version 16
VisualStudioVersion = 16.0.33423.256
MinimumVisualStudioVersion = 10.0.40219.1
Project("{F184B08F-C81C-45F6-A57F-5ABD9991F28F}") = "Cerveceria", "Cerveceria.vbproj", "{811965AE-2717-4687-84AE-1700E7A8FAE9}"
EndProject
Global
	GlobalSection(SolutionConfigurationPlatforms) = preSolution
		Debug|Any CPU = Debug|Any CPU
		Release|Any CPU = Release|Any CPU
	EndGlobalSection
	GlobalSection(ProjectConfigurationPlatforms) = postSolution
		{811965AE-2717-4687-84AE-1700E7A8FAE9}.Debug|Any CPU.ActiveCfg = Debug|Any CPU
		{811965AE-2717-4687-84AE-1700E7A8FAE9}.Debug|Any CPU.Build.0 = Debug|Any CPU
		{811965AE-2717-4687-84AE-1700E7A8FAE9}.Release|Any CPU.ActiveCfg = Release|Any CPU
		{811965AE-2717-4687-84AE-1700E7A8FAE9}.Release|Any CPU.Build.0 = Release|Any CPU
	EndGlobalSection
	GlobalSection(SolutionProperties) = preSolution
		HideSolutionNode = FALSE
	EndGlobalSection
	GlobalSection(ExtensibilityGlobals) = postSolution
		SolutionGuid = {FD840EC8-F4F6-4867-9872-710410F71FA4}
	EndGlobalSection
EndGlobal
